
Microsoft Visual Studio Solution File, Format Version 12.00
# Visual Studio Version 17
VisualStudioVersion = 17.8.34330.188
MinimumVisualStudioVersion = 10.0.40219.1
Project("{FAE04EC0-301F-11D3-BF4B-00C04F79EFBC}") = "BlazorEcommerce.Server", "BlazorEcommerce\Server\BlazorEcommerce.Server.csproj", "{DEDA046E-103B-40AE-808C-A5D78AB6661B}"
EndProject
Project("{FAE04EC0-301F-11D3-BF4B-00C04F79EFBC}") = "BlazorEcommerce.Client", "BlazorEcommerce\Client\BlazorEcommerce.Client.csproj", "{C8E86096-A091-4836-816F-BC897CC4F9D7}"
EndProject
Project("{FAE04EC0-301F-11D3-BF4B-00C04F79EFBC}") = "BlazorEcommerce.Shared", "BlazorEcommerce\Shared\BlazorEcommerce.Shared.csproj", "{971BF6D8-048F-443A-82F4-C6395DD9ECA6}"
EndProject
Global
	GlobalSection(SolutionConfigurationPlatforms) = preSolution
		Debug|Any CPU = Debug|Any CPU
		Release|Any CPU = Release|Any CPU
	EndGlobalSection
	GlobalSection(ProjectConfigurationPlatforms) = postSolution
		{DEDA046E-103B-40AE-808C-A5D78AB6661B}.Debug|Any CPU.ActiveCfg = Debug|Any CPU
		{DEDA046E-103B-40AE-808C-A5D78AB6661B}.Debug|Any CPU.Build.0 = Debug|Any CPU
		{DEDA046E-103B-40AE-808C-A5D78AB6661B}.Release|Any CPU.ActiveCfg = Release|Any CPU
		{DEDA046E-103B-40AE-808C-A5D78AB6661B}.Release|Any CPU.Build.0 = Release|Any CPU
		{C8E86096-A091-4836-816F-BC897CC4F9D7}.Debug|Any CPU.ActiveCfg = Debug|Any CPU
		{C8E86096-A091-4836-816F-BC897CC4F9D7}.Debug|Any CPU.Build.0 = Debug|Any CPU
		{C8E86096-A091-4836-816F-BC897CC4F9D7}.Release|Any CPU.ActiveCfg = Release|Any CPU
		{C8E86096-A091-4836-816F-BC897CC4F9D7}.Release|Any CPU.Build.0 = Release|Any CPU
		{971BF6D8-048F-443A-82F4-C6395DD9ECA6}.Debug|Any CPU.ActiveCfg = Debug|Any CPU
		{971BF6D8-048F-443A-82F4-C6395DD9ECA6}.Debug|Any CPU.Build.0 = Debug|Any CPU
		{971BF6D8-048F-443A-82F4-C6395DD9ECA6}.Release|Any CPU.ActiveCfg = Release|Any CPU
		{971BF6D8-048F-443A-82F4-C6395DD9ECA6}.Release|Any CPU.Build.0 = Release|Any CPU
	EndGlobalSection
	GlobalSection(SolutionProperties) = preSolution
		HideSolutionNode = FALSE
	EndGlobalSection
	GlobalSection(ExtensibilityGlobals) = postSolution
		SolutionGuid = {D24F5FB4-41B1-4B54-931A-F55FED0D79CA}
	EndGlobalSection
EndGlobal
